
Microsoft Visual Studio Solution File, Format Version 12.00
# Visual Studio Version 16
VisualStudioVersion = 16.0.32510.428
MinimumVisualStudioVersion = 10.0.40219.1
Project("{FAE04EC0-301F-11D3-BF4B-00C04F79EFBC}") = "AbstractFactoryExample", "AbstractFactoryExample.csproj", "{7EDF18E2-43EE-45B7-9D7D-BFA1517AC4B5}"
EndProject
Global
	GlobalSection(SolutionConfigurationPlatforms) = preSolution
		Debug|Any CPU = Debug|Any CPU
		Release|Any CPU = Release|Any CPU
	EndGlobalSection
	GlobalSection(ProjectConfigurationPlatforms) = postSolution
		{7EDF18E2-43EE-45B7-9D7D-BFA1517AC4B5}.Debug|Any CPU.ActiveCfg = Debug|Any CPU
		{7EDF18E2-43EE-45B7-9D7D-BFA1517AC4B5}.Debug|Any CPU.Build.0 = Debug|Any CPU
		{7EDF18E2-43EE-45B7-9D7D-BFA1517AC4B5}.Release|Any CPU.ActiveCfg = Release|Any CPU
		{7EDF18E2-43EE-45B7-9D7D-BFA1517AC4B5}.Release|Any CPU.Build.0 = Release|Any CPU
	EndGlobalSection
	GlobalSection(SolutionProperties) = preSolution
		HideSolutionNode = FALSE
	EndGlobalSection
	GlobalSection(ExtensibilityGlobals) = postSolution
		SolutionGuid = {72688301-F2B4-4138-B7D4-9BBDE83B44E6}
	EndGlobalSection
EndGlobal
